
Microsoft Visual Studio Solution File, Format Version 12.00
# Visual Studio Version 16
VisualStudioVersion = 16.0.30002.166
MinimumVisualStudioVersion = 10.0.40219.1
Project("{9A19103F-16F7-4668-BE54-9A1E7A4F7556}") = "WebServerLib", "WebServerLib.csproj", "{969FAA10-F6F1-4E9A-AD93-ABA372B0701D}"
EndProject
Global
	GlobalSection(SolutionConfigurationPlatforms) = preSolution
		Debug|Any CPU = Debug|Any CPU
		Release|Any CPU = Release|Any CPU
	EndGlobalSection
	GlobalSection(ProjectConfigurationPlatforms) = postSolution
		{969FAA10-F6F1-4E9A-AD93-ABA372B0701D}.Debug|Any CPU.ActiveCfg = Debug|Any CPU
		{969FAA10-F6F1-4E9A-AD93-ABA372B0701D}.Debug|Any CPU.Build.0 = Debug|Any CPU
		{969FAA10-F6F1-4E9A-AD93-ABA372B0701D}.Release|Any CPU.ActiveCfg = Release|Any CPU
		{969FAA10-F6F1-4E9A-AD93-ABA372B0701D}.Release|Any CPU.Build.0 = Release|Any CPU
	EndGlobalSection
	GlobalSection(SolutionProperties) = preSolution
		HideSolutionNode = FALSE
	EndGlobalSection
	GlobalSection(ExtensibilityGlobals) = postSolution
		SolutionGuid = {2843ED6F-6354-4464-8D4F-CFBF6D1E618E}
	EndGlobalSection
EndGlobal
